
Microsoft Visual Studio Solution File, Format Version 12.00
# Visual Studio Version 17
VisualStudioVersion = 17.7.34202.233
MinimumVisualStudioVersion = 10.0.40219.1
Project("{2150E333-8FDC-42A3-9474-1A3956D46DE8}") = "Assignment1", "Assignment1", "{15EBC7CD-4654-4433-8C50-F818152BC547}"
EndProject
Project("{9A19103F-16F7-4668-BE54-9A1E7A4F7556}") = "ComputeWindow", "Assignment1\ComputeWindow\ComputeWindow.csproj", "{9DAC8F4B-9A28-40ED-9A3C-93490498A324}"
EndProject
Project("{9A19103F-16F7-4668-BE54-9A1E7A4F7556}") = "ComputeConsole", "Assignment1\ComputeConsole\ComputeConsole.csproj", "{A1AA7ACA-09DB-49EB-88CE-719727457AB4}"
EndProject
Project("{2150E333-8FDC-42A3-9474-1A3956D46DE8}") = "Assignment2", "Assignment2", "{6F795C5B-99FC-4AB3-8D8A-7EF5B72DB1CF}"
EndProject
Project("{9A19103F-16F7-4668-BE54-9A1E7A4F7556}") = "Assignment2", "Assignment2\Assignment2\Assignment2.csproj", "{B86095E1-EE90-4DB5-A455-6E9B7DE06650}"
EndProject
Project("{9A19103F-16F7-4668-BE54-9A1E7A4F7556}") = "Assignment2_2(Array)", "Assignment2\Assignment2_2(Array)\Assignment2_2(Array).csproj", "{680DB2B8-08B9-40FC-9D2F-BB1D0B993AA3}"
EndProject
Project("{9A19103F-16F7-4668-BE54-9A1E7A4F7556}") = "Assignment2_3(Eratosthenes)", "Assignment2\Assignment2_3(Eratosthenes)\Assignment2_3(Eratosthenes).csproj", "{E639F9F1-82AF-47F7-997D-2DF4D8D9BA93}"
EndProject
Project("{9A19103F-16F7-4668-BE54-9A1E7A4F7556}") = "Assignment2_4", "Assignment2\Assignment2_4\Assignment2_4.csproj", "{ECE0FD6B-9E24-4BF3-9DAA-C3D2E9D7AAF5}"
EndProject
Project("{2150E333-8FDC-42A3-9474-1A3956D46DE8}") = "Assignment3", "Assignment3", "{44C26321-70AE-4DFB-984A-0AE5508A3B8D}"
EndProject
Project("{9A19103F-16F7-4668-BE54-9A1E7A4F7556}") = "Assignment3", "Assignment3\Assignment3\Assignment3.csproj", "{F3C72D9F-BBAA-4672-85C2-698E7E5004BB}"
EndProject
Project("{9A19103F-16F7-4668-BE54-9A1E7A4F7556}") = "Assignment4_1", "Assignment4\Assignment4_1\Assignment4_1.csproj", "{7B525A52-A538-4E21-88E7-9342638985A8}"
EndProject
Project("{FAE04EC0-301F-11D3-BF4B-00C04F79EFBC}") = "Assignment4_2", "Assignment4\Assignment4_2\Assignment4_2.csproj", "{169C4273-95C8-451B-99C9-A9F914669708}"
EndProject
Global
	GlobalSection(SolutionConfigurationPlatforms) = preSolution
		Debug|Any CPU = Debug|Any CPU
		Release|Any CPU = Release|Any CPU
	EndGlobalSection
	GlobalSection(ProjectConfigurationPlatforms) = postSolution
		{9DAC8F4B-9A28-40ED-9A3C-93490498A324}.Debug|Any CPU.ActiveCfg = Debug|Any CPU
		{9DAC8F4B-9A28-40ED-9A3C-93490498A324}.Debug|Any CPU.Build.0 = Debug|Any CPU
		{9DAC8F4B-9A28-40ED-9A3C-93490498A324}.Release|Any CPU.ActiveCfg = Release|Any CPU
		{9DAC8F4B-9A28-40ED-9A3C-93490498A324}.Release|Any CPU.Build.0 = Release|Any CPU
		{A1AA7ACA-09DB-49EB-88CE-719727457AB4}.Debug|Any CPU.ActiveCfg = Debug|Any CPU
		{A1AA7ACA-09DB-49EB-88CE-719727457AB4}.Debug|Any CPU.Build.0 = Debug|Any CPU
		{A1AA7ACA-09DB-49EB-88CE-719727457AB4}.Release|Any CPU.ActiveCfg = Release|Any CPU
		{A1AA7ACA-09DB-49EB-88CE-719727457AB4}.Release|Any CPU.Build.0 = Release|Any CPU
		{B86095E1-EE90-4DB5-A455-6E9B7DE06650}.Debug|Any CPU.ActiveCfg = Debug|Any CPU
		{B86095E1-EE90-4DB5-A455-6E9B7DE06650}.Debug|Any CPU.Build.0 = Debug|Any CPU
		{B86095E1-EE90-4DB5-A455-6E9B7DE06650}.Release|Any CPU.ActiveCfg = Release|Any CPU
		{B86095E1-EE90-4DB5-A455-6E9B7DE06650}.Release|Any CPU.Build.0 = Release|Any CPU
		{680DB2B8-08B9-40FC-9D2F-BB1D0B993AA3}.Debug|Any CPU.ActiveCfg = Debug|Any CPU
		{680DB2B8-08B9-40FC-9D2F-BB1D0B993AA3}.Debug|Any CPU.Build.0 = Debug|Any CPU
		{680DB2B8-08B9-40FC-9D2F-BB1D0B993AA3}.Release|Any CPU.ActiveCfg = Release|Any CPU
		{680DB2B8-08B9-40FC-9D2F-BB1D0B993AA3}.Release|Any CPU.Build.0 = Release|Any CPU
		{E639F9F1-82AF-47F7-997D-2DF4D8D9BA93}.Debug|Any CPU.ActiveCfg = Debug|Any CPU
		{E639F9F1-82AF-47F7-997D-2DF4D8D9BA93}.Debug|Any CPU.Build.0 = Debug|Any CPU
		{E639F9F1-82AF-47F7-997D-2DF4D8D9BA93}.Release|Any CPU.ActiveCfg = Release|Any CPU
		{E639F9F1-82AF-47F7-997D-2DF4D8D9BA93}.Release|Any CPU.Build.0 = Release|Any CPU
		{ECE0FD6B-9E24-4BF3-9DAA-C3D2E9D7AAF5}.Debug|Any CPU.ActiveCfg = Debug|Any CPU
		{ECE0FD6B-9E24-4BF3-9DAA-C3D2E9D7AAF5}.Debug|Any CPU.Build.0 = Debug|Any CPU
		{ECE0FD6B-9E24-4BF3-9DAA-C3D2E9D7AAF5}.Release|Any CPU.ActiveCfg = Release|Any CPU
		{ECE0FD6B-9E24-4BF3-9DAA-C3D2E9D7AAF5}.Release|Any CPU.Build.0 = Release|Any CPU
		{F3C72D9F-BBAA-4672-85C2-698E7E5004BB}.Debug|Any CPU.ActiveCfg = Debug|Any CPU
		{F3C72D9F-BBAA-4672-85C2-698E7E5004BB}.Debug|Any CPU.Build.0 = Debug|Any CPU
		{F3C72D9F-BBAA-4672-85C2-698E7E5004BB}.Release|Any CPU.ActiveCfg = Release|Any CPU
		{F3C72D9F-BBAA-4672-85C2-698E7E5004BB}.Release|Any CPU.Build.0 = Release|Any CPU
		{7B525A52-A538-4E21-88E7-9342638985A8}.Debug|Any CPU.ActiveCfg = Debug|Any CPU
		{7B525A52-A538-4E21-88E7-9342638985A8}.Debug|Any CPU.Build.0 = Debug|Any CPU
		{7B525A52-A538-4E21-88E7-9342638985A8}.Release|Any CPU.ActiveCfg = Release|Any CPU
		{7B525A52-A538-4E21-88E7-9342638985A8}.Release|Any CPU.Build.0 = Release|Any CPU
		{169C4273-95C8-451B-99C9-A9F914669708}.Debug|Any CPU.ActiveCfg = Debug|Any CPU
		{169C4273-95C8-451B-99C9-A9F914669708}.Debug|Any CPU.Build.0 = Debug|Any CPU
		{169C4273-95C8-451B-99C9-A9F914669708}.Release|Any CPU.ActiveCfg = Release|Any CPU
		{169C4273-95C8-451B-99C9-A9F914669708}.Release|Any CPU.Build.0 = Release|Any CPU
	EndGlobalSection
	GlobalSection(SolutionProperties) = preSolution
		HideSolutionNode = FALSE
	EndGlobalSection
	GlobalSection(NestedProjects) = preSolution
		{9DAC8F4B-9A28-40ED-9A3C-93490498A324} = {15EBC7CD-4654-4433-8C50-F818152BC547}
		{A1AA7ACA-09DB-49EB-88CE-719727457AB4} = {15EBC7CD-4654-4433-8C50-F818152BC547}
		{B86095E1-EE90-4DB5-A455-6E9B7DE06650} = {6F795C5B-99FC-4AB3-8D8A-7EF5B72DB1CF}
		{680DB2B8-08B9-40FC-9D2F-BB1D0B993AA3} = {6F795C5B-99FC-4AB3-8D8A-7EF5B72DB1CF}
		{E639F9F1-82AF-47F7-997D-2DF4D8D9BA93} = {6F795C5B-99FC-4AB3-8D8A-7EF5B72DB1CF}
		{ECE0FD6B-9E24-4BF3-9DAA-C3D2E9D7AAF5} = {6F795C5B-99FC-4AB3-8D8A-7EF5B72DB1CF}
		{F3C72D9F-BBAA-4672-85C2-698E7E5004BB} = {44C26321-70AE-4DFB-984A-0AE5508A3B8D}
	EndGlobalSection
	GlobalSection(ExtensibilityGlobals) = postSolution
		SolutionGuid = {E7A7AA72-4BAB-4559-ADB3-D890D2940322}
	EndGlobalSection
EndGlobal
